
Microsoft Visual Studio Solution File, Format Version 12.00
# Visual Studio 15
VisualStudioVersion = 15.0.27130.2010
MinimumVisualStudioVersion = 10.0.40219.1
Project("{FAE04EC0-301F-11D3-BF4B-00C04F79EFBC}") = "GeneratorOfNanotubes", "GeneratorOfNanotubes.csproj", "{B2D1CEEC-5561-436B-A7B4-D705D295287C}"
EndProject
Global
	GlobalSection(SolutionConfigurationPlatforms) = preSolution
		Debug|Any CPU = Debug|Any CPU
		Release|Any CPU = Release|Any CPU
	EndGlobalSection
	GlobalSection(ProjectConfigurationPlatforms) = postSolution
		{B2D1CEEC-5561-436B-A7B4-D705D295287C}.Debug|Any CPU.ActiveCfg = Debug|Any CPU
		{B2D1CEEC-5561-436B-A7B4-D705D295287C}.Debug|Any CPU.Build.0 = Debug|Any CPU
		{B2D1CEEC-5561-436B-A7B4-D705D295287C}.Release|Any CPU.ActiveCfg = Release|Any CPU
		{B2D1CEEC-5561-436B-A7B4-D705D295287C}.Release|Any CPU.Build.0 = Release|Any CPU
	EndGlobalSection
	GlobalSection(SolutionProperties) = preSolution
		HideSolutionNode = FALSE
	EndGlobalSection
	GlobalSection(ExtensibilityGlobals) = postSolution
		SolutionGuid = {29A348BF-835F-47C4-A977-98D7538074E9}
	EndGlobalSection
EndGlobal
